<?xml version="1.0" encoding="utf-8"?>
<Project ToolsVersion="4.0" xmlns="http://schemas.microsoft.com/developer/msbuild/2003">
  <ItemGroup>
    <Filter Include="calc_stat">
      <UniqueIdentifier>{bf51ad63-7350-4326-b85d-cbcb3c16cb2f}</UniqueIdentifier>
    </Filter>
    <Filter Include="calc_stat\tests">
      <UniqueIdentifier>{dab5dafa-a205-42ec-bd54-27d6a0f6b8d7}</UniqueIdentifier>
    </Filter>
    <Filter Include="FizzBuzz">
      <UniqueIdentifier>{3d2793eb-06e8-44f9-a7a6-a66867a4cdcc}</UniqueIdentifier>
    </Filter>
    <Filter Include="FizzBuzz\test">
      <UniqueIdentifier>{584ed461-630e-4100-be2a-f1fcb9a1c0bb}</UniqueIdentifier>
    </Filter>
    <Filter Include="StringCalculator">
      <UniqueIdentifier>{b2734eff-342c-47b6-97ef-49eaf7be9469}</UniqueIdentifier>
    </Filter>
    <Filter Include="StringCalculator\test">
      <UniqueIdentifier>{3fb5c605-8eb9-4da9-8096-b9c1e18da3e2}</UniqueIdentifier>
    </Filter>
  </ItemGroup>
  <ItemGroup>
    <ClCompile Include="../src/calc_stat/calc_stat.cpp">
      <Filter>calc_stat</Filter>
    </ClCompile>
    <ClCompile Include="../src/calc_stat/test/calc_stat_test.cpp">
      <Filter>calc_stat\tests</Filter>
    </ClCompile>
    <ClCompile Include="..\src\FizzBuzz\FizzBuzz.cpp">
      <Filter>FizzBuzz</Filter>
    </ClCompile>
    <ClCompile Include="..\src\FizzBuzz\test\FizzBuzzTest.cpp">
      <Filter>FizzBuzz\test</Filter>
    </ClCompile>
    <ClCompile Include="..\src\StringCalculator\test\StringCalculatorTest.cpp">
      <Filter>StringCalculator\test</Filter>
    </ClCompile>
    <ClCompile Include="..\src\StringCalculator\StringCalculator.cpp">
      <Filter>StringCalculator</Filter>
    </ClCompile>
  </ItemGroup>
  <ItemGroup>
    <ClInclude Include="../src/calc_stat/calc_stat.hpp">
      <Filter>calc_stat</Filter>
    </ClInclude>
    <ClInclude Include="..\src\FizzBuzz\FizzBuzz.hpp">
      <Filter>FizzBuzz</Filter>
    </ClInclude>
    <ClInclude Include="..\src\StringCalculator\StringCalculator.hpp">
      <Filter>StringCalculator</Filter>
    </ClInclude>
  </ItemGroup>
</Project>